
Microsoft Visual Studio Solution File, Format Version 12.00
# Visual Studio Version 16
VisualStudioVersion = 16.0.30907.101
MinimumVisualStudioVersion = 10.0.40219.1
Project("{FAE04EC0-301F-11D3-BF4B-00C04F79EFBC}") = "final lab 1", "final lab 1\final lab 1.csproj", "{A1165820-7855-4E71-A390-5B9DFB3D38DA}"
EndProject
Global
	GlobalSection(SolutionConfigurationPlatforms) = preSolution
		Debug|Any CPU = Debug|Any CPU
		Release|Any CPU = Release|Any CPU
	EndGlobalSection
	GlobalSection(ProjectConfigurationPlatforms) = postSolution
		{A1165820-7855-4E71-A390-5B9DFB3D38DA}.Debug|Any CPU.ActiveCfg = Debug|Any CPU
		{A1165820-7855-4E71-A390-5B9DFB3D38DA}.Debug|Any CPU.Build.0 = Debug|Any CPU
		{A1165820-7855-4E71-A390-5B9DFB3D38DA}.Release|Any CPU.ActiveCfg = Release|Any CPU
		{A1165820-7855-4E71-A390-5B9DFB3D38DA}.Release|Any CPU.Build.0 = Release|Any CPU
	EndGlobalSection
	GlobalSection(SolutionProperties) = preSolution
		HideSolutionNode = FALSE
	EndGlobalSection
	GlobalSection(ExtensibilityGlobals) = postSolution
		SolutionGuid = {86A331C5-E198-43CA-8890-85A4B5D03736}
	EndGlobalSection
EndGlobal
